
Microsoft Visual Studio Solution File, Format Version 12.00
# Visual Studio 15
VisualStudioVersion = 15.0.28010.2003
MinimumVisualStudioVersion = 10.0.40219.1
Project("{FAE04EC0-301F-11D3-BF4B-00C04F79EFBC}") = "Invoicetotal", "Invoicetotal\Invoicetotal.csproj", "{EFE18D3B-18D3-410D-B174-88BD71F5305E}"
EndProject
Global
	GlobalSection(SolutionConfigurationPlatforms) = preSolution
		Debug|Any CPU = Debug|Any CPU
		Release|Any CPU = Release|Any CPU
	EndGlobalSection
	GlobalSection(ProjectConfigurationPlatforms) = postSolution
		{EFE18D3B-18D3-410D-B174-88BD71F5305E}.Debug|Any CPU.ActiveCfg = Debug|Any CPU
		{EFE18D3B-18D3-410D-B174-88BD71F5305E}.Debug|Any CPU.Build.0 = Debug|Any CPU
		{EFE18D3B-18D3-410D-B174-88BD71F5305E}.Release|Any CPU.ActiveCfg = Release|Any CPU
		{EFE18D3B-18D3-410D-B174-88BD71F5305E}.Release|Any CPU.Build.0 = Release|Any CPU
	EndGlobalSection
	GlobalSection(SolutionProperties) = preSolution
		HideSolutionNode = FALSE
	EndGlobalSection
	GlobalSection(ExtensibilityGlobals) = postSolution
		SolutionGuid = {B59E76C7-01DE-46E1-82C0-8336B27A3652}
	EndGlobalSection
EndGlobal
